
Microsoft Visual Studio Solution File, Format Version 12.00
# Visual Studio 15
VisualStudioVersion = 15.0.28307.539
MinimumVisualStudioVersion = 10.0.40219.1
Project("{FAE04EC0-301F-11D3-BF4B-00C04F79EFBC}") = "WpfUdlanSystem", "WpfUdlanSystem\WpfUdlanSystem.csproj", "{7F049C35-E4BA-4185-93F7-54B262F0C082}"
EndProject
Global
	GlobalSection(SolutionConfigurationPlatforms) = preSolution
		Debug|Any CPU = Debug|Any CPU
		Release|Any CPU = Release|Any CPU
	EndGlobalSection
	GlobalSection(ProjectConfigurationPlatforms) = postSolution
		{7F049C35-E4BA-4185-93F7-54B262F0C082}.Debug|Any CPU.ActiveCfg = Debug|Any CPU
		{7F049C35-E4BA-4185-93F7-54B262F0C082}.Debug|Any CPU.Build.0 = Debug|Any CPU
		{7F049C35-E4BA-4185-93F7-54B262F0C082}.Release|Any CPU.ActiveCfg = Release|Any CPU
		{7F049C35-E4BA-4185-93F7-54B262F0C082}.Release|Any CPU.Build.0 = Release|Any CPU
	EndGlobalSection
	GlobalSection(SolutionProperties) = preSolution
		HideSolutionNode = FALSE
	EndGlobalSection
	GlobalSection(ExtensibilityGlobals) = postSolution
		SolutionGuid = {D0EFB3F7-AFBB-4AEC-8EA5-E5FCF6E08319}
	EndGlobalSection
EndGlobal
